NeoBundleLock auto-pairs b647ef54cd2d991d5221b97fb5dbb3c0477fdc64
NeoBundleLock base16-vim e711e9b1412b55fec7e8a5cff4ac5c06f9078729
NeoBundleLock command-t 4c7f02c5a9020bbbd498f643abfb059048388707
NeoBundleLock neobundle.vim cfbbde55a6b64251a7edec37f114bde614113613
NeoBundleLock vim-colors_duotones 8d730ecf995711e2684a9a117eb02adb94b505da
NeoBundleLock vim-commentary e0f4850d78137a35b9461c530078bd77f39e4dce
NeoBundleLock vim-gotham b185ecf054cc7b4dbede7dfc64d10cd3b97830a3
